schema: '2.0'
stages:
  eda:
    cmd: python EDA.py --data_path train.csv
    deps:
    - path: EDA.py
      md5: 7858651b972379b3bd5c5cbf72431366
      size: 1769
    params:
      params.yaml:
        data:
          initial_file: train.csv
    outs:
    - path: processed_data/cleaned_data.csv
      md5: f7b791d5223c7af6945b6e6408171937
      size: 6498886
  Folds:
    cmd: python create_fold.py --data_path "processed_data/cleaned_data.csv"
    deps:
    - path: create_fold.py
      md5: c7b91509def1194c68b28b5e272da77a
      size: 1290
    - path: processed_data/cleaned_data.csv
      md5: f7b791d5223c7af6945b6e6408171937
      size: 6498886
    outs:
    - path: encoders/label_group_encoder.pkl
      md5: 30c274c5252e03579b15b9d1e440e19c
      size: 88364
    - path: processed_data/fold_data.csv
      md5: 4f2a09483c44118a48970440e6bb85cb
      size: 6370622
